{
  "name": "Morita-Curriculo",
  "version": "1.0.0",
  "lockfileVersion": 3,
  "requires": true,
  "author": "",
  "description": "Template de projeto",
  "license": "MIT",
  "main": "src/backend/app.js",
  "packages": {},
  "devDependencies": {
    "@types/express": "4.17.12",
    "@types/express-serve-static-core": "4.17.20",
    "@types/node": "14.14.21"
  },
  "scripts": {
    "start": "node src/backend/app"
  }
}
